{
  "name": "three.js-ts-playground",
  "version": "1.0.0",
  "lockfileVersion": 2,
  "requires": true,
  "packages": {
    "": {
      "name": "three.js-ts-playground",
      "version": "1.0.0",
      "license": "ISC",
      "devDependencies": {
        "three": "^0.132.2"
      }
    },
    "node_modules/three": {
      "version": "0.132.2",
      "resolved": "https://registry.npmjs.org/three/-/three-0.132.2.tgz",
      "integrity": "sha512-0wcR7LxxkXMn6Gi58gEs3QvY8WpTVXA31L2VOvpjm4ZPYFRHCZC13UqynheFoS5OXDYgtBneN0dhbaNBE8iLhQ==",
      "dev": true
    }
  },
  "dependencies": {
    "three": {
      "version": "0.132.2",
      "resolved": "https://registry.npmjs.org/three/-/three-0.132.2.tgz",
      "integrity": "sha512-0wcR7LxxkXMn6Gi58gEs3QvY8WpTVXA31L2VOvpjm4ZPYFRHCZC13UqynheFoS5OXDYgtBneN0dhbaNBE8iLhQ==",
      "dev": true
    }
  }
}
